// !$*UTF8*$!
{
	archiveVersion = 1;
	classes = {
	};
	objectVersion = 46;
	objects = {

/* Begin PBXBuildFile section */
		3045210A1E00A0B400B98BBE /* LoginController.swift in Sources */ = {isa = PBXBuildFile; fileRef = 304521091E00A0B400B98BBE /* LoginController.swift */; };
		3045210C1E00C2F000B98BBE /* WelcomeController.swift in Sources */ = {isa = PBXBuildFile; fileRef = 3045210B1E00C2F000B98BBE /* WelcomeController.swift */; };
		3045210F1E00C33800B98BBE /* LoginService.swift in Sources */ = {isa = PBXBuildFile; fileRef = 3045210E1E00C33800B98BBE /* LoginService.swift */; };
		304B1EA91CF39BDF00B42482 /* WeightControllerOff.swift in Sources */ = {isa = PBXBuildFile; fileRef = 304B1EA81CF39BDF00B42482 /* WeightControllerOff.swift */; };
		304B1EAD1CF4D2CD00B42482 /* Vitals.swift in Sources */ = {isa = PBXBuildFile; fileRef = 304B1EAC1CF4D2CD00B42482 /* Vitals.swift */; };
		304B1EAF1CF4D40400B42482 /* VitalsTests.swift in Sources */ = {isa = PBXBuildFile; fileRef = 304B1EAE1CF4D40400B42482 /* VitalsTests.swift */; };
		304B1ECF1CF5E2FB00B42482 /* VitalsController.swift in Sources */ = {isa = PBXBuildFile; fileRef = 304B1ECE1CF5E2FB00B42482 /* VitalsController.swift */; };
		306070061DFAF82600DF1A0D /* HealthItem.swift in Sources */ = {isa = PBXBuildFile; fileRef = 306070051DFAF82600DF1A0D /* HealthItem.swift */; };
		3074C6BF1DF9E6CD0043E66A /* LaunchScreen.storyboard in Resources */ = {isa = PBXBuildFile; fileRef = 3074C6BB1DF9E6CD0043E66A /* LaunchScreen.storyboard */; };
		3074C6C01DF9E6CD0043E66A /* Main.storyboard in Resources */ = {isa = PBXBuildFile; fileRef = 3074C6BD1DF9E6CD0043E66A /* Main.storyboard */; };
		3074C6C21DF9E95D0043E66A /* WeightController.swift in Sources */ = {isa = PBXBuildFile; fileRef = 3074C6C11DF9E95D0043E66A /* WeightController.swift */; };
		307F69C11CEDF2E8006D0D7A /* WeightTests.swift in Sources */ = {isa = PBXBuildFile; fileRef = 307F69C01CEDF2E8006D0D7A /* WeightTests.swift */; };
		307F69C41CEE0124006D0D7A /* HealthKit.framework in Frameworks */ = {isa = PBXBuildFile; fileRef = 307F69C31CEE0124006D0D7A /* HealthKit.framework */; };
		307F69C81CEE0724006D0D7A /* HealthManager.swift in Sources */ = {isa = PBXBuildFile; fileRef = 307F69C71CEE0724006D0D7A /* HealthManager.swift */; };
		307F69CA1CEE096A006D0D7A /* Weight.swift in Sources */ = {isa = PBXBuildFile; fileRef = 307F69C91CEE096A006D0D7A /* Weight.swift */; };
		308215991D05BA9600CD6D77 /* HeartRateController.swift in Sources */ = {isa = PBXBuildFile; fileRef = 308215981D05BA9600CD6D77 /* HeartRateController.swift */; };
		3082159B1D05BAE400CD6D77 /* HeartRate.swift in Sources */ = {isa = PBXBuildFile; fileRef = 3082159A1D05BAE400CD6D77 /* HeartRate.swift */; };
		3082159F1D07324400CD6D77 /* MyHealthData.plist in Resources */ = {isa = PBXBuildFile; fileRef = 3082159E1D07324400CD6D77 /* MyHealthData.plist */; };
		308215A31D08454E00CD6D77 /* StepCountController.swift in Sources */ = {isa = PBXBuildFile; fileRef = 308215A21D08454E00CD6D77 /* StepCountController.swift */; };
		308215A51D08461B00CD6D77 /* StepCount.swift in Sources */ = {isa = PBXBuildFile; fileRef = 308215A41D08461B00CD6D77 /* StepCount.swift */; };
		3099609A1DFF4CB700AEDFDC /* CBLService.swift in Sources */ = {isa = PBXBuildFile; fileRef = 309960991DFF4CB700AEDFDC /* CBLService.swift */; };
		30A489F21CECE2A800A6CD87 /* AppDelegate.swift in Sources */ = {isa = PBXBuildFile; fileRef = 30A489F11CECE2A800A6CD87 /* AppDelegate.swift */; };
		30A489F41CECE2A800A6CD87 /* FirstViewController.swift in Sources */ = {isa = PBXBuildFile; fileRef = 30A489F31CECE2A800A6CD87 /* FirstViewController.swift */; };
		30A489FB1CECE2A800A6CD87 /* Assets.xcassets in Resources */ = {isa = PBXBuildFile; fileRef = 30A489FA1CECE2A800A6CD87 /* Assets.xcassets */; };
		30A48A091CECE2A800A6CD87 /* MyHealthDataTests.swift in Sources */ = {isa = PBXBuildFile; fileRef = 30A48A081CECE2A800A6CD87 /* MyHealthDataTests.swift */; };
		30A48A141CECE2A800A6CD87 /* MyHealthDataUITests.swift in Sources */ = {isa = PBXBuildFile; fileRef = 30A48A131CECE2A800A6CD87 /* MyHealthDataUITests.swift */; };
		640A71BDCD9B9A8CD9E1F269 /* Pods_MyHealthData.framework in Frameworks */ = {isa = PBXBuildFile; fileRef = E32C14E2C8BABCDD80342A86 /* Pods_MyHealthData.framework */; };
/* End PBXBuildFile section */

/* Begin PBXContainerItemProxy section */
		30A48A051CECE2A800A6CD87 /* PBXContainerItemProxy */ = {
			isa = PBXContainerItemProxy;
			containerPortal = 30A489E61CECE2A700A6CD87 /* Project object */;
			proxyType = 1;
			remoteGlobalIDString = 30A489ED1CECE2A700A6CD87;
			remoteInfo = MyHealthData;
		};
		30A48A101CECE2A800A6CD87 /* PBXContainerItemProxy */ = {
			isa = PBXContainerItemProxy;
			containerPortal = 30A489E61CECE2A700A6CD87 /* Project object */;
			proxyType = 1;
			remoteGlobalIDString = 30A489ED1CECE2A700A6CD87;
			remoteInfo = MyHealthData;
		};
/* End PBXContainerItemProxy section */

/* Begin PBXFileReference section */
		304521091E00A0B400B98BBE /* LoginController.swift */ = {isa = PBXFileReference; fileEncoding = 4; lastKnownFileType = sourcecode.swift; path = LoginController.swift; sourceTree = "<group>"; };
		3045210B1E00C2F000B98BBE /* WelcomeController.swift */ = {isa = PBXFileReference; fileEncoding = 4; lastKnownFileType = sourcecode.swift; path = WelcomeController.swift; sourceTree = "<group>"; };
		3045210E1E00C33800B98BBE /* LoginService.swift */ = {isa = PBXFileReference; fileEncoding = 4; lastKnownFileType = sourcecode.swift; path = LoginService.swift; sourceTree = "<group>"; };
		304B1EA81CF39BDF00B42482 /* WeightControllerOff.swift */ = {isa = PBXFileReference; fileEncoding = 4; lastKnownFileType = sourcecode.swift; path = WeightControllerOff.swift; sourceTree = "<group>"; };
		304B1EAC1CF4D2CD00B42482 /* Vitals.swift */ = {isa = PBXFileReference; fileEncoding = 4; lastKnownFileType = sourcecode.swift; path = Vitals.swift; sourceTree = "<group>"; };
		304B1EAE1CF4D40400B42482 /* VitalsTests.swift */ = {isa = PBXFileReference; fileEncoding = 4; lastKnownFileType = sourcecode.swift; path = VitalsTests.swift; sourceTree = "<group>"; };
		304B1ECE1CF5E2FB00B42482 /* VitalsController.swift */ = {isa = PBXFileReference; fileEncoding = 4; lastKnownFileType = sourcecode.swift; path = VitalsController.swift; sourceTree = "<group>"; };
		305F8C181DF9B51A0016CDD5 /* MyHealthData-Bridging-Header.h */ = {isa = PBXFileReference; fileEncoding = 4; lastKnownFileType = sourcecode.c.h; path = "MyHealthData-Bridging-Header.h"; sourceTree = "<group>"; };
		306070051DFAF82600DF1A0D /* HealthItem.swift */ = {isa = PBXFileReference; fileEncoding = 4; lastKnownFileType = sourcecode.swift; path = HealthItem.swift; sourceTree = "<group>"; };
		3074C6BC1DF9E6CD0043E66A /* Base */ = {isa = PBXFileReference; lastKnownFileType = file.storyboard; name = Base; path = Base.lproj/LaunchScreen.storyboard; sourceTree = "<group>"; };
		3074C6BE1DF9E6CD0043E66A /* Base */ = {isa = PBXFileReference; lastKnownFileType = file.storyboard; name = Base; path = Base.lproj/Main.storyboard; sourceTree = "<group>"; };
		3074C6C11DF9E95D0043E66A /* WeightController.swift */ = {isa = PBXFileReference; fileEncoding = 4; lastKnownFileType = sourcecode.swift; path = WeightController.swift; sourceTree = "<group>"; };
		307F69C01CEDF2E8006D0D7A /* WeightTests.swift */ = {isa = PBXFileReference; fileEncoding = 4; lastKnownFileType = sourcecode.swift; path = WeightTests.swift; sourceTree = "<group>"; };
		307F69C21CEE0124006D0D7A /* MyHealthData.entitlements */ = {isa = PBXFileReference; lastKnownFileType = text.xml; path = MyHealthData.entitlements; sourceTree = "<group>"; };
		307F69C31CEE0124006D0D7A /* HealthKit.framework */ = {isa = PBXFileReference; lastKnownFileType = wrapper.framework; name = HealthKit.framework; path = System/Library/Frameworks/HealthKit.framework; sourceTree = SDKROOT; };
		307F69C71CEE0724006D0D7A /* HealthManager.swift */ = {isa = PBXFileReference; fileEncoding = 4; lastKnownFileType = sourcecode.swift; path = HealthManager.swift; sourceTree = "<group>"; };
		307F69C91CEE096A006D0D7A /* Weight.swift */ = {isa = PBXFileReference; fileEncoding = 4; lastKnownFileType = sourcecode.swift; path = Weight.swift; sourceTree = "<group>"; };
		308215981D05BA9600CD6D77 /* HeartRateController.swift */ = {isa = PBXFileReference; fileEncoding = 4; lastKnownFileType = sourcecode.swift; path = HeartRateController.swift; sourceTree = "<group>"; };
		3082159A1D05BAE400CD6D77 /* HeartRate.swift */ = {isa = PBXFileReference; fileEncoding = 4; lastKnownFileType = sourcecode.swift; path = HeartRate.swift; sourceTree = "<group>"; };
		3082159E1D07324400CD6D77 /* MyHealthData.plist */ = {isa = PBXFileReference; fileEncoding = 4; lastKnownFileType = text.plist.xml; path = MyHealthData.plist; sourceTree = "<group>"; };
		308215A21D08454E00CD6D77 /* StepCountController.swift */ = {isa = PBXFileReference; fileEncoding = 4; lastKnownFileType = sourcecode.swift; path = StepCountController.swift; sourceTree = "<group>"; };
		308215A41D08461B00CD6D77 /* StepCount.swift */ = {isa = PBXFileReference; fileEncoding = 4; lastKnownFileType = sourcecode.swift; path = StepCount.swift; sourceTree = "<group>"; };
		309960991DFF4CB700AEDFDC /* CBLService.swift */ = {isa = PBXFileReference; fileEncoding = 4; lastKnownFileType = sourcecode.swift; path = CBLService.swift; sourceTree = "<group>"; };
		30A489EE1CECE2A700A6CD87 /* MyHealthData.app */ = {isa = PBXFileReference; explicitFileType = wrapper.application; includeInIndex = 0; path = MyHealthData.app; sourceTree = BUILT_PRODUCTS_DIR; };
		30A489F11CECE2A800A6CD87 /* AppDelegate.swift */ = {isa = PBXFileReference; lastKnownFileType = sourcecode.swift; path = AppDelegate.swift; sourceTree = "<group>"; };
		30A489F31CECE2A800A6CD87 /* FirstViewController.swift */ = {isa = PBXFileReference; lastKnownFileType = sourcecode.swift; path = FirstViewController.swift; sourceTree = "<group>"; };
		30A489FA1CECE2A800A6CD87 /* Assets.xcassets */ = {isa = PBXFileReference; lastKnownFileType = folder.assetcatalog; path = Assets.xcassets; sourceTree = "<group>"; };
		30A489FF1CECE2A800A6CD87 /* Info.plist */ = {isa = PBXFileReference; lastKnownFileType = text.plist.xml; path = Info.plist; sourceTree = "<group>"; };
		30A48A041CECE2A800A6CD87 /* MyHealthDataTests.xctest */ = {isa = PBXFileReference; explicitFileType = wrapper.cfbundle; includeInIndex = 0; path = MyHealthDataTests.xctest; sourceTree = BUILT_PRODUCTS_DIR; };
		30A48A081CECE2A800A6CD87 /* MyHealthDataTests.swift */ = {isa = PBXFileReference; lastKnownFileType = sourcecode.swift; path = MyHealthDataTests.swift; sourceTree = "<group>"; };
		30A48A0A1CECE2A800A6CD87 /* Info.plist */ = {isa = PBXFileReference; lastKnownFileType = text.plist.xml; path = Info.plist; sourceTree = "<group>"; };
		30A48A0F1CECE2A800A6CD87 /* MyHealthDataUITests.xctest */ = {isa = PBXFileReference; explicitFileType = wrapper.cfbundle; includeInIndex = 0; path = MyHealthDataUITests.xctest; sourceTree = BUILT_PRODUCTS_DIR; };
		30A48A131CECE2A800A6CD87 /* MyHealthDataUITests.swift */ = {isa = PBXFileReference; lastKnownFileType = sourcecode.swift; path = MyHealthDataUITests.swift; sourceTree = "<group>"; };
		30A48A151CECE2A800A6CD87 /* Info.plist */ = {isa = PBXFileReference; lastKnownFileType = text.plist.xml; path = Info.plist; sourceTree = "<group>"; };
		7F910F59794EF05F286BA810 /* Pods-MyHealthData.release.xcconfig */ = {isa = PBXFileReference; includeInIndex = 1; lastKnownFileType = text.xcconfig; name = "Pods-MyHealthData.release.xcconfig"; path = "Pods/Target Support Files/Pods-MyHealthData/Pods-MyHealthData.release.xcconfig"; sourceTree = "<group>"; };
		E32C14E2C8BABCDD80342A86 /* Pods_MyHealthData.framework */ = {isa = PBXFileReference; explicitFileType = wrapper.framework; includeInIndex = 0; path = Pods_MyHealthData.framework; sourceTree = BUILT_PRODUCTS_DIR; };
		E62A1F36F4937647EA73EF22 /* Pods.framework */ = {isa = PBXFileReference; explicitFileType = wrapper.framework; includeInIndex = 0; path = Pods.framework; sourceTree = BUILT_PRODUCTS_DIR; };
		F3911DE4ADE61A8EC22E7F2E /* Pods-MyHealthData.debug.xcconfig */ = {isa = PBXFileReference; includeInIndex = 1; lastKnownFileType = text.xcconfig; name = "Pods-MyHealthData.debug.xcconfig"; path = "Pods/Target Support Files/Pods-MyHealthData/Pods-MyHealthData.debug.xcconfig"; sourceTree = "<group>"; };
/* End PBXFileReference section */

/* Begin PBXFrameworksBuildPhase section */
		30A489EB1CECE2A700A6CD87 /* Frameworks */ = {
			isa = PBXFrameworksBuildPhase;
			buildActionMask = 2147483647;
			files = (
				307F69C41CEE0124006D0D7A /* HealthKit.framework in Frameworks */,
				640A71BDCD9B9A8CD9E1F269 /* Pods_MyHealthData.framework in Frameworks */,
			);
			runOnlyForDeploymentPostprocessing = 0;
		};
		30A48A011CECE2A800A6CD87 /* Frameworks */ = {
			isa = PBXFrameworksBuildPhase;
			buildActionMask = 2147483647;
			files = (
			);
			runOnlyForDeploymentPostprocessing = 0;
		};
		30A48A0C1CECE2A800A6CD87 /* Frameworks */ = {
			isa = PBXFrameworksBuildPhase;
			buildActionMask = 2147483647;
			files = (
			);
			runOnlyForDeploymentPostprocessing = 0;
		};
/* End PBXFrameworksBuildPhase section */

/* Begin PBXGroup section */
		3045210D1E00C32800B98BBE /* Services */ = {
			isa = PBXGroup;
			children = (
				309960991DFF4CB700AEDFDC /* CBLService.swift */,
				3045210E1E00C33800B98BBE /* LoginService.swift */,
			);
			name = Services;
			sourceTree = "<group>";
		};
		307F69BC1CEDEB6F006D0D7A /* Controllers */ = {
			isa = PBXGroup;
			children = (
				30A489F31CECE2A800A6CD87 /* FirstViewController.swift */,
				304B1EA81CF39BDF00B42482 /* WeightControllerOff.swift */,
				304B1ECE1CF5E2FB00B42482 /* VitalsController.swift */,
				308215981D05BA9600CD6D77 /* HeartRateController.swift */,
				308215A21D08454E00CD6D77 /* StepCountController.swift */,
				3074C6C11DF9E95D0043E66A /* WeightController.swift */,
				304521091E00A0B400B98BBE /* LoginController.swift */,
				3045210B1E00C2F000B98BBE /* WelcomeController.swift */,
			);
			name = Controllers;
			sourceTree = "<group>";
		};
		307F69BD1CEDF1B8006D0D7A /* Model */ = {
			isa = PBXGroup;
			children = (
				307F69C91CEE096A006D0D7A /* Weight.swift */,
				304B1EAC1CF4D2CD00B42482 /* Vitals.swift */,
				3082159A1D05BAE400CD6D77 /* HeartRate.swift */,
				308215A41D08461B00CD6D77 /* StepCount.swift */,
				306070051DFAF82600DF1A0D /* HealthItem.swift */,
			);
			name = Model;
			sourceTree = "<group>";
		};
		30A489E51CECE2A700A6CD87 = {
			isa = PBXGroup;
			children = (
				30A489F01CECE2A800A6CD87 /* MyHealthData */,
				30A48A071CECE2A800A6CD87 /* MyHealthDataTests */,
				30A48A121CECE2A800A6CD87 /* MyHealthDataUITests */,
				30A489EF1CECE2A700A6CD87 /* Products */,
				97E883B49C0B40A821F0228A /* Frameworks */,
				8BB1C255BD331EDA8B2D8AB0 /* Pods */,
			);
			sourceTree = "<group>";
		};
		30A489EF1CECE2A700A6CD87 /* Products */ = {
			isa = PBXGroup;
			children = (
				30A489EE1CECE2A700A6CD87 /* MyHealthData.app */,
				30A48A041CECE2A800A6CD87 /* MyHealthDataTests.xctest */,
				30A48A0F1CECE2A800A6CD87 /* MyHealthDataUITests.xctest */,
			);
			name = Products;
			sourceTree = "<group>";
		};
		30A489F01CECE2A800A6CD87 /* MyHealthData */ = {
			isa = PBXGroup;
			children = (
				3045210D1E00C32800B98BBE /* Services */,
				3074C6BB1DF9E6CD0043E66A /* LaunchScreen.storyboard */,
				3074C6BD1DF9E6CD0043E66A /* Main.storyboard */,
				307F69C21CEE0124006D0D7A /* MyHealthData.entitlements */,
				307F69BD1CEDF1B8006D0D7A /* Model */,
				307F69BC1CEDEB6F006D0D7A /* Controllers */,
				30A489F11CECE2A800A6CD87 /* AppDelegate.swift */,
				307F69C71CEE0724006D0D7A /* HealthManager.swift */,
				30A489FA1CECE2A800A6CD87 /* Assets.xcassets */,
				30A489FF1CECE2A800A6CD87 /* Info.plist */,
				3082159E1D07324400CD6D77 /* MyHealthData.plist */,
				305F8C181DF9B51A0016CDD5 /* MyHealthData-Bridging-Header.h */,
			);
			path = MyHealthData;
			sourceTree = "<group>";
		};
		30A48A071CECE2A800A6CD87 /* MyHealthDataTests */ = {
			isa = PBXGroup;
			children = (
				30A48A081CECE2A800A6CD87 /* MyHealthDataTests.swift */,
				30A48A0A1CECE2A800A6CD87 /* Info.plist */,
				307F69C01CEDF2E8006D0D7A /* WeightTests.swift */,
				304B1EAE1CF4D40400B42482 /* VitalsTests.swift */,
			);
			path = MyHealthDataTests;
			sourceTree = "<group>";
		};
		30A48A121CECE2A800A6CD87 /* MyHealthDataUITests */ = {
			isa = PBXGroup;
			children = (
				30A48A131CECE2A800A6CD87 /* MyHealthDataUITests.swift */,
				30A48A151CECE2A800A6CD87 /* Info.plist */,
			);
			path = MyHealthDataUITests;
			sourceTree = "<group>";
		};
		8BB1C255BD331EDA8B2D8AB0 /* Pods */ = {
			isa = PBXGroup;
			children = (
				F3911DE4ADE61A8EC22E7F2E /* Pods-MyHealthData.debug.xcconfig */,
				7F910F59794EF05F286BA810 /* Pods-MyHealthData.release.xcconfig */,
			);
			name = Pods;
			sourceTree = "<group>";
		};
		97E883B49C0B40A821F0228A /* Frameworks */ = {
			isa = PBXGroup;
			children = (
				307F69C31CEE0124006D0D7A /* HealthKit.framework */,
				E62A1F36F4937647EA73EF22 /* Pods.framework */,
				E32C14E2C8BABCDD80342A86 /* Pods_MyHealthData.framework */,
			);
			name = Frameworks;
			sourceTree = "<group>";
		};
/* End PBXGroup section */

/* Begin PBXNativeTarget section */
		30A489ED1CECE2A700A6CD87 /* MyHealthData */ = {
			isa = PBXNativeTarget;
			buildConfigurationList = 30A48A181CECE2A800A6CD87 /* Build configuration list for PBXNativeTarget "MyHealthData" */;
			buildPhases = (
				8CD064731635915BA626CCD3 /* [CP] Check Pods Manifest.lock */,
				30A489EA1CECE2A700A6CD87 /* Sources */,
				30A489EB1CECE2A700A6CD87 /* Frameworks */,
				30A489EC1CECE2A700A6CD87 /* Resources */,
				8CF30967B9FA4805542846C4 /* [CP] Embed Pods Frameworks */,
				993C23F39AA47BC91101D002 /* [CP] Copy Pods Resources */,
			);
			buildRules = (
			);
			dependencies = (
			);
			name = MyHealthData;
			productName = MyHealthData;
			productReference = 30A489EE1CECE2A700A6CD87 /* MyHealthData.app */;
			productType = "com.apple.product-type.application";
		};
		30A48A031CECE2A800A6CD87 /* MyHealthDataTests */ = {
			isa = PBXNativeTarget;
			buildConfigurationList = 30A48A1B1CECE2A800A6CD87 /* Build configuration list for PBXNativeTarget "MyHealthDataTests" */;
			buildPhases = (
				30A48A001CECE2A800A6CD87 /* Sources */,
				30A48A011CECE2A800A6CD87 /* Frameworks */,
				30A48A021CECE2A800A6CD87 /* Resources */,
			);
			buildRules = (
			);
			dependencies = (
				30A48A061CECE2A800A6CD87 /* PBXTargetDependency */,
			);
			name = MyHealthDataTests;
			productName = MyHealthDataTests;
			productReference = 30A48A041CECE2A800A6CD87 /* MyHealthDataTests.xctest */;
			productType = "com.apple.product-type.bundle.unit-test";
		};
		30A48A0E1CECE2A800A6CD87 /* MyHealthDataUITests */ = {
			isa = PBXNativeTarget;
			buildConfigurationList = 30A48A1E1CECE2A800A6CD87 /* Build configuration list for PBXNativeTarget "MyHealthDataUITests" */;
			buildPhases = (
				30A48A0B1CECE2A800A6CD87 /* Sources */,
				30A48A0C1CECE2A800A6CD87 /* Frameworks */,
				30A48A0D1CECE2A800A6CD87 /* Resources */,
			);
			buildRules = (
			);
			dependencies = (
				30A48A111CECE2A800A6CD87 /* PBXTargetDependency */,
			);
			name = MyHealthDataUITests;
			productName = MyHealthDataUITests;
			productReference = 30A48A0F1CECE2A800A6CD87 /* MyHealthDataUITests.xctest */;
			productType = "com.apple.product-type.bundle.ui-testing";
		};
/* End PBXNativeTarget section */

/* Begin PBXProject section */
		30A489E61CECE2A700A6CD87 /* Project object */ = {
			isa = PBXProject;
			attributes = {
				LastSwiftUpdateCheck = 0730;
				LastUpgradeCheck = 0810;
				ORGANIZATIONNAME = "University of Iowa - ICTS";
				TargetAttributes = {
					30A489ED1CECE2A700A6CD87 = {
						CreatedOnToolsVersion = 7.3;
						DevelopmentTeam = S338357XKT;
						LastSwiftMigration = 0800;
						SystemCapabilities = {
							com.apple.HealthKit = {
								enabled = 1;
							};
						};
					};
					30A48A031CECE2A800A6CD87 = {
						CreatedOnToolsVersion = 7.3;
						LastSwiftMigration = 0800;
						TestTargetID = 30A489ED1CECE2A700A6CD87;
					};
					30A48A0E1CECE2A800A6CD87 = {
						CreatedOnToolsVersion = 7.3;
						LastSwiftMigration = 0800;
						TestTargetID = 30A489ED1CECE2A700A6CD87;
					};
				};
			};
			buildConfigurationList = 30A489E91CECE2A700A6CD87 /* Build configuration list for PBXProject "MyHealthData" */;
			compatibilityVersion = "Xcode 3.2";
			developmentRegion = English;
			hasScannedForEncodings = 0;
			knownRegions = (
				en,
				Base,
			);
			mainGroup = 30A489E51CECE2A700A6CD87;
			productRefGroup = 30A489EF1CECE2A700A6CD87 /* Products */;
			projectDirPath = "";
			projectRoot = "";
			targets = (
				30A489ED1CECE2A700A6CD87 /* MyHealthData */,
				30A48A031CECE2A800A6CD87 /* MyHealthDataTests */,
				30A48A0E1CECE2A800A6CD87 /* MyHealthDataUITests */,
			);
		};
/* End PBXProject section */

/* Begin PBXResourcesBuildPhase section */
		30A489EC1CECE2A700A6CD87 /* Resources */ = {
			isa = PBXResourcesBuildPhase;
			buildActionMask = 2147483647;
			files = (
				3074C6BF1DF9E6CD0043E66A /* LaunchScreen.storyboard in Resources */,
				30A489FB1CECE2A800A6CD87 /* Assets.xcassets in Resources */,
				3082159F1D07324400CD6D77 /* MyHealthData.plist in Resources */,
				3074C6C01DF9E6CD0043E66A /* Main.storyboard in Resources */,
			);
			runOnlyForDeploymentPostprocessing = 0;
		};
		30A48A021CECE2A800A6CD87 /* Resources */ = {
			isa = PBXResourcesBuildPhase;
			buildActionMask = 2147483647;
			files = (
			);
			runOnlyForDeploymentPostprocessing = 0;
		};
		30A48A0D1CECE2A800A6CD87 /* Resources */ = {
			isa = PBXResourcesBuildPhase;
			buildActionMask = 2147483647;
			files = (
			);
			runOnlyForDeploymentPostprocessing = 0;
		};
/* End PBXResourcesBuildPhase section */

/* Begin PBXShellScriptBuildPhase section */
		8CD064731635915BA626CCD3 /* [CP] Check Pods Manifest.lock */ = {
			isa = PBXShellScriptBuildPhase;
			buildActionMask = 2147483647;
			files = (
			);
			inputPaths = (
			);
			name = "[CP] Check Pods Manifest.lock";
			outputPaths = (
			);
			runOnlyForDeploymentPostprocessing = 0;
			shellPath = /bin/sh;
			shellScript = "diff \"${PODS_ROOT}/../Podfile.lock\" \"${PODS_ROOT}/Manifest.lock\" > /dev/null\nif [ $? != 0 ] ; then\n    # print error to STDERR\n    echo \"error: The sandbox is not in sync with the Podfile.lock. Run 'pod install' or update your CocoaPods installation.\" >&2\n    exit 1\nfi\n";
			showEnvVarsInLog = 0;
		};
		8CF30967B9FA4805542846C4 /* [CP] Embed Pods Frameworks */ = {
			isa = PBXShellScriptBuildPhase;
			buildActionMask = 2147483647;
			files = (
			);
			inputPaths = (
			);
			name = "[CP] Embed Pods Frameworks";
			outputPaths = (
			);
			runOnlyForDeploymentPostprocessing = 0;
			shellPath = /bin/sh;
			shellScript = "\"${SRCROOT}/Pods/Target Support Files/Pods-MyHealthData/Pods-MyHealthData-frameworks.sh\"\n";
			showEnvVarsInLog = 0;
		};
		993C23F39AA47BC91101D002 /* [CP] Copy Pods Resources */ = {
			isa = PBXShellScriptBuildPhase;
			buildActionMask = 2147483647;
			files = (
			);
			inputPaths = (
			);
			name = "[CP] Copy Pods Resources";
			outputPaths = (
			);
			runOnlyForDeploymentPostprocessing = 0;
			shellPath = /bin/sh;
			shellScript = "\"${SRCROOT}/Pods/Target Support Files/Pods-MyHealthData/Pods-MyHealthData-resources.sh\"\n";
			showEnvVarsInLog = 0;
		};
/* End PBXShellScriptBuildPhase section */

/* Begin PBXSourcesBuildPhase section */
		30A489EA1CECE2A700A6CD87 /* Sources */ = {
			isa = PBXSourcesBuildPhase;
			buildActionMask = 2147483647;
			files = (
				3045210F1E00C33800B98BBE /* LoginService.swift in Sources */,
				308215A31D08454E00CD6D77 /* StepCountController.swift in Sources */,
				3074C6C21DF9E95D0043E66A /* WeightController.swift in Sources */,
				3045210C1E00C2F000B98BBE /* WelcomeController.swift in Sources */,
				308215991D05BA9600CD6D77 /* HeartRateController.swift in Sources */,
				3082159B1D05BAE400CD6D77 /* HeartRate.swift in Sources */,
				3045210A1E00A0B400B98BBE /* LoginController.swift in Sources */,
				307F69C81CEE0724006D0D7A /* HealthManager.swift in Sources */,
				3099609A1DFF4CB700AEDFDC /* CBLService.swift in Sources */,
				304B1EAD1CF4D2CD00B42482 /* Vitals.swift in Sources */,
				306070061DFAF82600DF1A0D /* HealthItem.swift in Sources */,
				30A489F21CECE2A800A6CD87 /* AppDelegate.swift in Sources */,
				304B1ECF1CF5E2FB00B42482 /* VitalsController.swift in Sources */,
				304B1EA91CF39BDF00B42482 /* WeightControllerOff.swift in Sources */,
				307F69CA1CEE096A006D0D7A /* Weight.swift in Sources */,
				308215A51D08461B00CD6D77 /* StepCount.swift in Sources */,
				30A489F41CECE2A800A6CD87 /* FirstViewController.swift in Sources */,
			);
			runOnlyForDeploymentPostprocessing = 0;
		};
		30A48A001CECE2A800A6CD87 /* Sources */ = {
			isa = PBXSourcesBuildPhase;
			buildActionMask = 2147483647;
			files = (
				304B1EAF1CF4D40400B42482 /* VitalsTests.swift in Sources */,
				30A48A091CECE2A800A6CD87 /* MyHealthDataTests.swift in Sources */,
				307F69C11CEDF2E8006D0D7A /* WeightTests.swift in Sources */,
			);
			runOnlyForDeploymentPostprocessing = 0;
		};
		30A48A0B1CECE2A800A6CD87 /* Sources */ = {
			isa = PBXSourcesBuildPhase;
			buildActionMask = 2147483647;
			files = (
				30A48A141CECE2A800A6CD87 /* MyHealthDataUITests.swift in Sources */,
			);
			runOnlyForDeploymentPostprocessing = 0;
		};
/* End PBXSourcesBuildPhase section */

/* Begin PBXTargetDependency section */
		30A48A061CECE2A800A6CD87 /* PBXTargetDependency */ = {
			isa = PBXTargetDependency;
			target = 30A489ED1CECE2A700A6CD87 /* MyHealthData */;
			targetProxy = 30A48A051CECE2A800A6CD87 /* PBXContainerItemProxy */;
		};
		30A48A111CECE2A800A6CD87 /* PBXTargetDependency */ = {
			isa = PBXTargetDependency;
			target = 30A489ED1CECE2A700A6CD87 /* MyHealthData */;
			targetProxy = 30A48A101CECE2A800A6CD87 /* PBXContainerItemProxy */;
		};
/* End PBXTargetDependency section */

/* Begin PBXVariantGroup section */
		3074C6BB1DF9E6CD0043E66A /* LaunchScreen.storyboard */ = {
			isa = PBXVariantGroup;
			children = (
				3074C6BC1DF9E6CD0043E66A /* Base */,
			);
			name = LaunchScreen.storyboard;
			sourceTree = "<group>";
		};
		3074C6BD1DF9E6CD0043E66A /* Main.storyboard */ = {
			isa = PBXVariantGroup;
			children = (
				3074C6BE1DF9E6CD0043E66A /* Base */,
			);
			name = Main.storyboard;
			sourceTree = "<group>";
		};
/* End PBXVariantGroup section */

/* Begin XCBuildConfiguration section */
		30A48A161CECE2A800A6CD87 /* Debug */ = {
			isa = XCBuildConfiguration;
			buildSettings = {
				ALWAYS_SEARCH_USER_PATHS = NO;
				CLANG_ANALYZER_NONNULL = YES;
				CLANG_CXX_LANGUAGE_STANDARD = "gnu++0x";
				CLANG_CXX_LIBRARY = "libc++";
				CLANG_ENABLE_MODULES = YES;
				CLANG_ENABLE_OBJC_ARC = YES;
				CLANG_WARN_BOOL_CONVERSION = YES;
				CLANG_WARN_CONSTANT_CONVERSION = YES;
				CLANG_WARN_DIRECT_OBJC_ISA_USAGE = YES_ERROR;
				CLANG_WARN_EMPTY_BODY = YES;
				CLANG_WARN_ENUM_CONVERSION = YES;
				CLANG_WARN_INFINITE_RECURSION = YES;
				CLANG_WARN_INT_CONVERSION = YES;
				CLANG_WARN_OBJC_ROOT_CLASS = YES_ERROR;
				CLANG_WARN_SUSPICIOUS_MOVE = YES;
				CLANG_WARN_UNREACHABLE_CODE = YES;
				CLANG_WARN__DUPLICATE_METHOD_MATCH = YES;
				"CODE_SIGN_IDENTITY[sdk=iphoneos*]" = "iPhone Developer";
				COPY_PHASE_STRIP = NO;
				DEBUG_INFORMATION_FORMAT = dwarf;
				ENABLE_STRICT_OBJC_MSGSEND = YES;
				ENABLE_TESTABILITY = YES;
				GCC_C_LANGUAGE_STANDARD = gnu99;
				GCC_DYNAMIC_NO_PIC = NO;
				GCC_NO_COMMON_BLOCKS = YES;
				GCC_OPTIMIZATION_LEVEL = 0;
				GCC_PREPROCESSOR_DEFINITIONS = (
					"DEBUG=1",
					"$(inherited)",
				);
				GCC_WARN_64_TO_32_BIT_CONVERSION = YES;
				GCC_WARN_ABOUT_RETURN_TYPE = YES_ERROR;
				GCC_WARN_UNDECLARED_SELECTOR = YES;
				GCC_WARN_UNINITIALIZED_AUTOS = YES_AGGRESSIVE;
				GCC_WARN_UNUSED_FUNCTION = YES;
				GCC_WARN_UNUSED_VARIABLE = YES;
				IPHONEOS_DEPLOYMENT_TARGET = 9.3;
				MTL_ENABLE_DEBUG_INFO = YES;
				ONLY_ACTIVE_ARCH = YES;
				SDKROOT = iphoneos;
				SWIFT_OPTIMIZATION_LEVEL = "-Onone";
			};
			name = Debug;
		};
		30A48A171CECE2A800A6CD87 /* Release */ = {
			isa = XCBuildConfiguration;
			buildSettings = {
				ALWAYS_SEARCH_USER_PATHS = NO;
				CLANG_ANALYZER_NONNULL = YES;
				CLANG_CXX_LANGUAGE_STANDARD = "gnu++0x";
				CLANG_CXX_LIBRARY = "libc++";
				CLANG_ENABLE_MODULES = YES;
				CLANG_ENABLE_OBJC_ARC = YES;
				CLANG_WARN_BOOL_CONVERSION = YES;
				CLANG_WARN_CONSTANT_CONVERSION = YES;
				CLANG_WARN_DIRECT_OBJC_ISA_USAGE = YES_ERROR;
				CLANG_WARN_EMPTY_BODY = YES;
				CLANG_WARN_ENUM_CONVERSION = YES;
				CLANG_WARN_INFINITE_RECURSION = YES;
				CLANG_WARN_INT_CONVERSION = YES;
				CLANG_WARN_OBJC_ROOT_CLASS = YES_ERROR;
				CLANG_WARN_SUSPICIOUS_MOVE = YES;
				CLANG_WARN_UNREACHABLE_CODE = YES;
				CLANG_WARN__DUPLICATE_METHOD_MATCH = YES;
				"CODE_SIGN_IDENTITY[sdk=iphoneos*]" = "iPhone Developer";
				COPY_PHASE_STRIP = NO;
				DEBUG_INFORMATION_FORMAT = "dwarf-with-dsym";
				ENABLE_NS_ASSERTIONS = NO;
				ENABLE_STRICT_OBJC_MSGSEND = YES;
				GCC_C_LANGUAGE_STANDARD = gnu99;
				GCC_NO_COMMON_BLOCKS = YES;
				GCC_WARN_64_TO_32_BIT_CONVERSION = YES;
				GCC_WARN_ABOUT_RETURN_TYPE = YES_ERROR;
				GCC_WARN_UNDECLARED_SELECTOR = YES;
				GCC_WARN_UNINITIALIZED_AUTOS = YES_AGGRESSIVE;
				GCC_WARN_UNUSED_FUNCTION = YES;
				GCC_WARN_UNUSED_VARIABLE = YES;
				IPHONEOS_DEPLOYMENT_TARGET = 9.3;
				MTL_ENABLE_DEBUG_INFO = NO;
				SDKROOT = iphoneos;
				SWIFT_OPTIMIZATION_LEVEL = "-Owholemodule";
				VALIDATE_PRODUCT = YES;
			};
			name = Release;
		};
		30A48A191CECE2A800A6CD87 /* Debug */ = {
			isa = XCBuildConfiguration;
			baseConfigurationReference = F3911DE4ADE61A8EC22E7F2E /* Pods-MyHealthData.debug.xcconfig */;
			buildSettings = {
				ALWAYS_EMBED_SWIFT_STANDARD_LIBRARIES = YES;
				ASSETCATALOG_COMPILER_APPICON_NAME = AppIcon;
				CODE_SIGN_ENTITLEMENTS = MyHealthData/MyHealthData.entitlements;
				CODE_SIGN_IDENTITY = "iPhone Developer";
				"CODE_SIGN_IDENTITY[sdk=iphoneos*]" = "iPhone Developer";
				INFOPLIST_FILE = MyHealthData/Info.plist;
				IPHONEOS_DEPLOYMENT_TARGET = 9.3;
				LD_RUNPATH_SEARCH_PATHS = "$(inherited) @executable_path/Frameworks";
				PRODUCT_BUNDLE_IDENTIFIER = edu.uiowa.icts.MyHealthData;
				PRODUCT_NAME = "$(TARGET_NAME)";
				PROVISIONING_PROFILE = "";
				SWIFT_OBJC_BRIDGING_HEADER = "MyHealthData/MyHealthData-Bridging-Header.h";
				SWIFT_VERSION = 3.0;
			};
			name = Debug;
		};
		30A48A1A1CECE2A800A6CD87 /* Release */ = {
			isa = XCBuildConfiguration;
			baseConfigurationReference = 7F910F59794EF05F286BA810 /* Pods-MyHealthData.release.xcconfig */;
			buildSettings = {
				ALWAYS_EMBED_SWIFT_STANDARD_LIBRARIES = YES;
				ASSETCATALOG_COMPILER_APPICON_NAME = AppIcon;
				CODE_SIGN_ENTITLEMENTS = MyHealthData/MyHealthData.entitlements;
				CODE_SIGN_IDENTITY = "iPhone Developer";
				"CODE_SIGN_IDENTITY[sdk=iphoneos*]" = "iPhone Developer";
				INFOPLIST_FILE = MyHealthData/Info.plist;
				IPHONEOS_DEPLOYMENT_TARGET = 9.3;
				LD_RUNPATH_SEARCH_PATHS = "$(inherited) @executable_path/Frameworks";
				PRODUCT_BUNDLE_IDENTIFIER = edu.uiowa.icts.MyHealthData;
				PRODUCT_NAME = "$(TARGET_NAME)";
				PROVISIONING_PROFILE = "";
				SWIFT_OBJC_BRIDGING_HEADER = "MyHealthData/MyHealthData-Bridging-Header.h";
				SWIFT_VERSION = 3.0;
			};
			name = Release;
		};
		30A48A1C1CECE2A800A6CD87 /* Debug */ = {
			isa = XCBuildConfiguration;
			buildSettings = {
				BUNDLE_LOADER = "$(TEST_HOST)";
				INFOPLIST_FILE = MyHealthDataTests/Info.plist;
				LD_RUNPATH_SEARCH_PATHS = "$(inherited) @executable_path/Frameworks @loader_path/Frameworks";
				PRODUCT_BUNDLE_IDENTIFIER = edu.uiowa.icts.MyHealthDataTests;
				PRODUCT_NAME = "$(TARGET_NAME)";
				SWIFT_VERSION = 3.0;
				TEST_HOST = "$(BUILT_PRODUCTS_DIR)/MyHealthData.app/MyHealthData";
			};
			name = Debug;
		};
		30A48A1D1CECE2A800A6CD87 /* Release */ = {
			isa = XCBuildConfiguration;
			buildSettings = {
				BUNDLE_LOADER = "$(TEST_HOST)";
				INFOPLIST_FILE = MyHealthDataTests/Info.plist;
				LD_RUNPATH_SEARCH_PATHS = "$(inherited) @executable_path/Frameworks @loader_path/Frameworks";
				PRODUCT_BUNDLE_IDENTIFIER = edu.uiowa.icts.MyHealthDataTests;
				PRODUCT_NAME = "$(TARGET_NAME)";
				SWIFT_VERSION = 3.0;
				TEST_HOST = "$(BUILT_PRODUCTS_DIR)/MyHealthData.app/MyHealthData";
			};
			name = Release;
		};
		30A48A1F1CECE2A800A6CD87 /* Debug */ = {
			isa = XCBuildConfiguration;
			buildSettings = {
				INFOPLIST_FILE = MyHealthDataUITests/Info.plist;
				LD_RUNPATH_SEARCH_PATHS = "$(inherited) @executable_path/Frameworks @loader_path/Frameworks";
				PRODUCT_BUNDLE_IDENTIFIER = edu.uiowa.icts.MyHealthDataUITests;
				PRODUCT_NAME = "$(TARGET_NAME)";
				SWIFT_VERSION = 3.0;
				TEST_TARGET_NAME = MyHealthData;
			};
			name = Debug;
		};
		30A48A201CECE2A800A6CD87 /* Release */ = {
			isa = XCBuildConfiguration;
			buildSettings = {
				INFOPLIST_FILE = MyHealthDataUITests/Info.plist;
				LD_RUNPATH_SEARCH_PATHS = "$(inherited) @executable_path/Frameworks @loader_path/Frameworks";
				PRODUCT_BUNDLE_IDENTIFIER = edu.uiowa.icts.MyHealthDataUITests;
				PRODUCT_NAME = "$(TARGET_NAME)";
				SWIFT_VERSION = 3.0;
				TEST_TARGET_NAME = MyHealthData;
			};
			name = Release;
		};
/* End XCBuildConfiguration section */

/* Begin XCConfigurationList section */
		30A489E91CECE2A700A6CD87 /* Build configuration list for PBXProject "MyHealthData" */ = {
			isa = XCConfigurationList;
			buildConfigurations = (
				30A48A161CECE2A800A6CD87 /* Debug */,
				30A48A171CECE2A800A6CD87 /* Release */,
			);
			defaultConfigurationIsVisible = 0;
			defaultConfigurationName = Release;
		};
		30A48A181CECE2A800A6CD87 /* Build configuration list for PBXNativeTarget "MyHealthData" */ = {
			isa = XCConfigurationList;
			buildConfigurations = (
				30A48A191CECE2A800A6CD87 /* Debug */,
				30A48A1A1CECE2A800A6CD87 /* Release */,
			);
			defaultConfigurationIsVisible = 0;
			defaultConfigurationName = Release;
		};
		30A48A1B1CECE2A800A6CD87 /* Build configuration list for PBXNativeTarget "MyHealthDataTests" */ = {
			isa = XCConfigurationList;
			buildConfigurations = (
				30A48A1C1CECE2A800A6CD87 /* Debug */,
				30A48A1D1CECE2A800A6CD87 /* Release */,
			);
			defaultConfigurationIsVisible = 0;
			defaultConfigurationName = Release;
		};
		30A48A1E1CECE2A800A6CD87 /* Build configuration list for PBXNativeTarget "MyHealthDataUITests" */ = {
			isa = XCConfigurationList;
			buildConfigurations = (
				30A48A1F1CECE2A800A6CD87 /* Debug */,
				30A48A201CECE2A800A6CD87 /* Release */,
			);
			defaultConfigurationIsVisible = 0;
			defaultConfigurationName = Release;
		};
/* End XCConfigurationList section */
	};
	rootObject = 30A489E61CECE2A700A6CD87 /* Project object */;
}
